
Microsoft Visual Studio Solution File, Format Version 12.00
# Visual Studio Version 16
VisualStudioVersion = 16.0.32228.343
MinimumVisualStudioVersion = 10.0.40219.1
Project("{FAE04EC0-301F-11D3-BF4B-00C04F79EFBC}") = "SportsStore.WebUI", "SportsStore.WebUI\SportsStore.WebUI.csproj", "{88E6535C-3F6B-40A8-B6CA-3AF42DD65381}"
EndProject
Global
	GlobalSection(SolutionConfigurationPlatforms) = preSolution
		Debug|Any CPU = Debug|Any CPU
		Release|Any CPU = Release|Any CPU
	EndGlobalSection
	GlobalSection(ProjectConfigurationPlatforms) = postSolution
		{88E6535C-3F6B-40A8-B6CA-3AF42DD65381}.Debug|Any CPU.ActiveCfg = Debug|Any CPU
		{88E6535C-3F6B-40A8-B6CA-3AF42DD65381}.Debug|Any CPU.Build.0 = Debug|Any CPU
		{88E6535C-3F6B-40A8-B6CA-3AF42DD65381}.Release|Any CPU.ActiveCfg = Release|Any CPU
		{88E6535C-3F6B-40A8-B6CA-3AF42DD65381}.Release|Any CPU.Build.0 = Release|Any CPU
	EndGlobalSection
	GlobalSection(SolutionProperties) = preSolution
		HideSolutionNode = FALSE
	EndGlobalSection
	GlobalSection(ExtensibilityGlobals) = postSolution
		SolutionGuid = {47761F54-9576-4133-A30C-62551DD4E3F5}
	EndGlobalSection
EndGlobal
